
Microsoft Visual Studio Solution File, Format Version 12.00
# Visual Studio 15
VisualStudioVersion = 15.0.27703.2035
MinimumVisualStudioVersion = 10.0.40219.1
Project("{FAE04EC0-301F-11D3-BF4B-00C04F79EFBC}") = "MarioMaker2OCR", "MarioMaker2OCR\MarioMaker2OCR.csproj", "{07A27396-A80E-4943-840E-4C2585E21DA9}"
EndProject
Global
	GlobalSection(SolutionConfigurationPlatforms) = preSolution
		Debug|Any CPU = Debug|Any CPU
		Release|Any CPU = Release|Any CPU
	EndGlobalSection
	GlobalSection(ProjectConfigurationPlatforms) = postSolution
		{07A27396-A80E-4943-840E-4C2585E21DA9}.Debug|Any CPU.ActiveCfg = Debug|Any CPU
		{07A27396-A80E-4943-840E-4C2585E21DA9}.Debug|Any CPU.Build.0 = Debug|Any CPU
		{07A27396-A80E-4943-840E-4C2585E21DA9}.Release|Any CPU.ActiveCfg = Release|Any CPU
		{07A27396-A80E-4943-840E-4C2585E21DA9}.Release|Any CPU.Build.0 = Release|Any CPU
	EndGlobalSection
	GlobalSection(SolutionProperties) = preSolution
		HideSolutionNode = FALSE
	EndGlobalSection
	GlobalSection(ExtensibilityGlobals) = postSolution
		SolutionGuid = {D22F89AA-708D-4BB6-97EA-D731C9EFCD6A}
	EndGlobalSection
EndGlobal
